
Microsoft Visual Studio Solution File, Format Version 11.00
# Visual Studio 2010
Project("{FAE04EC0-301F-11D3-BF4B-00C04F79EFBC}") = "pbcopy", "pbcopy\pbcopy.csproj", "{36C15517-C4AC-4855-8C26-29266C1951B1}"
EndProject
Project("{FAE04EC0-301F-11D3-BF4B-00C04F79EFBC}") = "pbpaste", "pbpaste\pbpaste.csproj", "{D723A42A-3952-437C-8CF4-AB9D6AA01B04}"
EndProject
Project("{2150E333-8FDC-42A3-9474-1A3956D46DE8}") = "Solution Files", "Solution Files", "{C06AAE07-F82C-4AD1-A01D-B87F1E1CD703}"
	ProjectSection(SolutionItems) = preProject
		README.md = README.md
	EndProjectSection
EndProject
Global
	GlobalSection(SolutionConfigurationPlatforms) = preSolution
		Debug|x86 = Debug|x86
		Release|x86 = Release|x86
	EndGlobalSection
	GlobalSection(ProjectConfigurationPlatforms) = postSolution
		{36C15517-C4AC-4855-8C26-29266C1951B1}.Debug|x86.ActiveCfg = Debug|x86
		{36C15517-C4AC-4855-8C26-29266C1951B1}.Debug|x86.Build.0 = Debug|x86
		{36C15517-C4AC-4855-8C26-29266C1951B1}.Release|x86.ActiveCfg = Release|x86
		{36C15517-C4AC-4855-8C26-29266C1951B1}.Release|x86.Build.0 = Release|x86
		{D723A42A-3952-437C-8CF4-AB9D6AA01B04}.Debug|x86.ActiveCfg = Debug|x86
		{D723A42A-3952-437C-8CF4-AB9D6AA01B04}.Debug|x86.Build.0 = Debug|x86
		{D723A42A-3952-437C-8CF4-AB9D6AA01B04}.Release|x86.ActiveCfg = Release|x86
		{D723A42A-3952-437C-8CF4-AB9D6AA01B04}.Release|x86.Build.0 = Release|x86
	EndGlobalSection
	GlobalSection(SolutionProperties) = preSolution
		HideSolutionNode = FALSE
	EndGlobalSection
EndGlobal
